
Microsoft Visual Studio Solution File, Format Version 12.00
# Visual Studio Version 17
VisualStudioVersion = 17.10.34902.84
MinimumVisualStudioVersion = 10.0.40219.1
Project("{FAE04EC0-301F-11D3-BF4B-00C04F79EFBC}") = "Flight_Report", "Flight_Report.csproj", "{84217A77-C862-42AA-A3EC-6FB5E775700E}"
EndProject
Global
	GlobalSection(SolutionConfigurationPlatforms) = preSolution
		Debug|Any CPU = Debug|Any CPU
		Release|Any CPU = Release|Any CPU
	EndGlobalSection
	GlobalSection(ProjectConfigurationPlatforms) = postSolution
		{84217A77-C862-42AA-A3EC-6FB5E775700E}.Debug|Any CPU.ActiveCfg = Debug|Any CPU
		{84217A77-C862-42AA-A3EC-6FB5E775700E}.Debug|Any CPU.Build.0 = Debug|Any CPU
		{84217A77-C862-42AA-A3EC-6FB5E775700E}.Release|Any CPU.ActiveCfg = Release|Any CPU
		{84217A77-C862-42AA-A3EC-6FB5E775700E}.Release|Any CPU.Build.0 = Release|Any CPU
	EndGlobalSection
	GlobalSection(SolutionProperties) = preSolution
		HideSolutionNode = FALSE
	EndGlobalSection
	GlobalSection(ExtensibilityGlobals) = postSolution
		SolutionGuid = {2DF364D0-D818-4FE5-94B0-45B9F8877DF9}
	EndGlobalSection
EndGlobal
